
Microsoft Visual Studio Solution File, Format Version 12.00
# Visual Studio 2015
Project("{FAE04EC0-301F-11D3-BF4B-00C04F79EFBC}") = "Hacking 99%.CSharp", "Hacking 99%.CSharp.csproj", "{6857C911-071B-17CC-C0F5-BCC6307A656F}"
EndProject
Project("{FAE04EC0-301F-11D3-BF4B-00C04F79EFBC}") = "Hacking 99%.CSharp.Editor", "Hacking 99%.CSharp.Editor.csproj", "{23CEBAAC-9A8D-6087-9B2F-69D7B8F93537}"
EndProject
Global
	GlobalSection(SolutionConfigurationPlatforms) = preSolution
		Debug|Any CPU = Debug|Any CPU
		Release|Any CPU = Release|Any CPU
	EndGlobalSection
	GlobalSection(ProjectConfigurationPlatforms) = postSolution
		{6857C911-071B-17CC-C0F5-BCC6307A656F}.Debug|Any CPU.ActiveCfg = Debug|Any CPU
		{6857C911-071B-17CC-C0F5-BCC6307A656F}.Debug|Any CPU.Build.0 = Debug|Any CPU
		{6857C911-071B-17CC-C0F5-BCC6307A656F}.Release|Any CPU.ActiveCfg = Release|Any CPU
		{6857C911-071B-17CC-C0F5-BCC6307A656F}.Release|Any CPU.Build.0 = Release|Any CPU
		{23CEBAAC-9A8D-6087-9B2F-69D7B8F93537}.Debug|Any CPU.ActiveCfg = Debug|Any CPU
		{23CEBAAC-9A8D-6087-9B2F-69D7B8F93537}.Debug|Any CPU.Build.0 = Debug|Any CPU
		{23CEBAAC-9A8D-6087-9B2F-69D7B8F93537}.Release|Any CPU.ActiveCfg = Release|Any CPU
		{23CEBAAC-9A8D-6087-9B2F-69D7B8F93537}.Release|Any CPU.Build.0 = Release|Any CPU
	EndGlobalSection
	GlobalSection(SolutionProperties) = preSolution
		HideSolutionNode = FALSE
	EndGlobalSection
EndGlobal
