
Microsoft Visual Studio Solution File, Format Version 12.00
# Visual Studio 2015
Project("{FAE04EC0-301F-11D3-BF4B-00C04F79EFBC}") = "UnityVS.Hacking 99_.CSharp", "UnityVS.Hacking 99_.CSharp.csproj", "{41C301D3-696E-50D3-65DB-63CDD256A545}"
EndProject
Global
	GlobalSection(SolutionConfigurationPlatforms) = preSolution
		Debug|Any CPU = Debug|Any CPU
		Release|Any CPU = Release|Any CPU
	EndGlobalSection
	GlobalSection(ProjectConfigurationPlatforms) = postSolution
		{41C301D3-696E-50D3-65DB-63CDD256A545}.Debug|Any CPU.ActiveCfg = Debug|Any CPU
		{41C301D3-696E-50D3-65DB-63CDD256A545}.Debug|Any CPU.Build.0 = Debug|Any CPU
		{41C301D3-696E-50D3-65DB-63CDD256A545}.Release|Any CPU.ActiveCfg = Release|Any CPU
		{41C301D3-696E-50D3-65DB-63CDD256A545}.Release|Any CPU.Build.0 = Release|Any CPU
	EndGlobalSection
	GlobalSection(SolutionProperties) = preSolution
		HideSolutionNode = FALSE
	EndGlobalSection
EndGlobal
